
Microsoft Visual Studio Solution File, Format Version 12.00
# Visual Studio Version 16
VisualStudioVersion = 16.0.30114.105
MinimumVisualStudioVersion = 10.0.40219.1
Project("{2150E333-8FDC-42A3-9474-1A3956D46DE8}") = "Logic", "Logic", "{0A540E1A-7404-4FBF-BCC5-AD1485696115}"
EndProject
Project("{FAE04EC0-301F-11D3-BF4B-00C04F79EFBC}") = "Logic.Common", "Logic.Common\Logic.Common.csproj", "{0D1ABE4B-2D85-45FC-A16A-C8F271F56BE9}"
EndProject
Project("{FAE04EC0-301F-11D3-BF4B-00C04F79EFBC}") = "Logic.Transformer", "Logic.Transformer\Logic.Transformer.csproj", "{734D7A83-AA8D-4BB2-86ED-E9B8DE54BDA4}"
EndProject
Project("{FAE04EC0-301F-11D3-BF4B-00C04F79EFBC}") = "Logic.Core", "Logic.Core\Logic.Core.csproj", "{7DB41FFA-7E67-484F-875A-B3B2F21B4D36}"
EndProject
Project("{2150E333-8FDC-42A3-9474-1A3956D46DE8}") = "Tests", "Tests", "{2898810C-9A58-4352-ABE1-515F672AB838}"
EndProject
Project("{FAE04EC0-301F-11D3-BF4B-00C04F79EFBC}") = "Tests.Core", "Tests.Core\Tests.Core.csproj", "{B59C6741-AA61-4243-BF63-20AC6112D328}"
EndProject
Project("{2150E333-8FDC-42A3-9474-1A3956D46DE8}") = "Ui", "Ui", "{F21D403B-0BA0-4DBC-AC47-63CBEE051AE4}"
EndProject
Project("{FAE04EC0-301F-11D3-BF4B-00C04F79EFBC}") = "Console", "Console\Console.csproj", "{02E4985A-FC83-4374-908C-F69784617E1A}"
EndProject
Global
	GlobalSection(SolutionConfigurationPlatforms) = preSolution
		Debug|Any CPU = Debug|Any CPU
		Release|Any CPU = Release|Any CPU
	EndGlobalSection
	GlobalSection(SolutionProperties) = preSolution
		HideSolutionNode = FALSE
	EndGlobalSection
	GlobalSection(NestedProjects) = preSolution
		{0D1ABE4B-2D85-45FC-A16A-C8F271F56BE9} = {0A540E1A-7404-4FBF-BCC5-AD1485696115}
		{734D7A83-AA8D-4BB2-86ED-E9B8DE54BDA4} = {0A540E1A-7404-4FBF-BCC5-AD1485696115}
		{7DB41FFA-7E67-484F-875A-B3B2F21B4D36} = {0A540E1A-7404-4FBF-BCC5-AD1485696115}
		{B59C6741-AA61-4243-BF63-20AC6112D328} = {2898810C-9A58-4352-ABE1-515F672AB838}
		{02E4985A-FC83-4374-908C-F69784617E1A} = {F21D403B-0BA0-4DBC-AC47-63CBEE051AE4}
	EndGlobalSection
	GlobalSection(ProjectConfigurationPlatforms) = postSolution
		{0D1ABE4B-2D85-45FC-A16A-C8F271F56BE9}.Debug|Any CPU.ActiveCfg = Debug|Any CPU
		{0D1ABE4B-2D85-45FC-A16A-C8F271F56BE9}.Debug|Any CPU.Build.0 = Debug|Any CPU
		{0D1ABE4B-2D85-45FC-A16A-C8F271F56BE9}.Release|Any CPU.ActiveCfg = Release|Any CPU
		{0D1ABE4B-2D85-45FC-A16A-C8F271F56BE9}.Release|Any CPU.Build.0 = Release|Any CPU
		{734D7A83-AA8D-4BB2-86ED-E9B8DE54BDA4}.Debug|Any CPU.ActiveCfg = Debug|Any CPU
		{734D7A83-AA8D-4BB2-86ED-E9B8DE54BDA4}.Debug|Any CPU.Build.0 = Debug|Any CPU
		{734D7A83-AA8D-4BB2-86ED-E9B8DE54BDA4}.Release|Any CPU.ActiveCfg = Release|Any CPU
		{734D7A83-AA8D-4BB2-86ED-E9B8DE54BDA4}.Release|Any CPU.Build.0 = Release|Any CPU
		{7DB41FFA-7E67-484F-875A-B3B2F21B4D36}.Debug|Any CPU.ActiveCfg = Debug|Any CPU
		{7DB41FFA-7E67-484F-875A-B3B2F21B4D36}.Debug|Any CPU.Build.0 = Debug|Any CPU
		{7DB41FFA-7E67-484F-875A-B3B2F21B4D36}.Release|Any CPU.ActiveCfg = Release|Any CPU
		{7DB41FFA-7E67-484F-875A-B3B2F21B4D36}.Release|Any CPU.Build.0 = Release|Any CPU
		{B59C6741-AA61-4243-BF63-20AC6112D328}.Debug|Any CPU.ActiveCfg = Debug|Any CPU
		{B59C6741-AA61-4243-BF63-20AC6112D328}.Debug|Any CPU.Build.0 = Debug|Any CPU
		{B59C6741-AA61-4243-BF63-20AC6112D328}.Release|Any CPU.ActiveCfg = Release|Any CPU
		{B59C6741-AA61-4243-BF63-20AC6112D328}.Release|Any CPU.Build.0 = Release|Any CPU
		{02E4985A-FC83-4374-908C-F69784617E1A}.Debug|Any CPU.ActiveCfg = Debug|Any CPU
		{02E4985A-FC83-4374-908C-F69784617E1A}.Debug|Any CPU.Build.0 = Debug|Any CPU
		{02E4985A-FC83-4374-908C-F69784617E1A}.Release|Any CPU.ActiveCfg = Release|Any CPU
		{02E4985A-FC83-4374-908C-F69784617E1A}.Release|Any CPU.Build.0 = Release|Any CPU
	EndGlobalSection
EndGlobal
